Microsoft Visual Studio Solution File, Format Version 12.00
# Visual Studio Version 17
VisualStudioVersion = 17.5.2.0
MinimumVisualStudioVersion = 10.0.40219.1
Project("{2150E333-8FDC-42A3-9474-1A3956D46DE8}") = "services", "services", "{5854FF58-B8C5-05C6-5BF2-ACE42193F22B}"
EndProject
Project("{FAE04EC0-301F-11D3-BF4B-00C04F79EFBC}") = "policy-service", "services\policy-service\policy-service.csproj", "{800BD017-3281-9E9F-DEDB-092A06AB4D81}"
EndProject
Global
	GlobalSection(SolutionConfigurationPlatforms) = preSolution
		Debug|Any CPU = Debug|Any CPU
		Release|Any CPU = Release|Any CPU
	EndGlobalSection
	GlobalSection(ProjectConfigurationPlatforms) = postSolution
		{800BD017-3281-9E9F-DEDB-092A06AB4D81}.Debug|Any CPU.ActiveCfg = Debug|Any CPU
		{800BD017-3281-9E9F-DEDB-092A06AB4D81}.Debug|Any CPU.Build.0 = Debug|Any CPU
		{800BD017-3281-9E9F-DEDB-092A06AB4D81}.Release|Any CPU.ActiveCfg = Release|Any CPU
		{800BD017-3281-9E9F-DEDB-092A06AB4D81}.Release|Any CPU.Build.0 = Release|Any CPU
	EndGlobalSection
	GlobalSection(SolutionProperties) = preSolution
		HideSolutionNode = FALSE
	EndGlobalSection
	GlobalSection(NestedProjects) = preSolution
		{800BD017-3281-9E9F-DEDB-092A06AB4D81} = {5854FF58-B8C5-05C6-5BF2-ACE42193F22B}
	EndGlobalSection
	GlobalSection(ExtensibilityGlobals) = postSolution
		SolutionGuid = {FB944D2D-8F50-466D-8BB9-2A964F298BDA}
	EndGlobalSection
EndGlobal
